<?xml version="1.0" encoding="utf-8"?>
<Project ToolsVersion="4.0" xmlns="http://schemas.microsoft.com/developer/msbuild/2003">
  <ItemGroup>
    <Filter Include="Source Files">
      <UniqueIdentifier>{4FC737F1-C7A5-4376-A066-2A32D752A2FF}</UniqueIdentifier>
      <Extensions>cpp;c;cc;cxx;c++;def;odl;idl;hpj;bat;asm;asmx</Extensions>
    </Filter>
    <Filter Include="Header Files">
      <UniqueIdentifier>{93995380-89BD-4b04-88EB-625FBE52EBFB}</UniqueIdentifier>
      <Extensions>h;hh;hpp;hxx;h++;hm;inl;inc;ipp;xsd</Extensions>
    </Filter>
    <Filter Include="Resource Files">
      <UniqueIdentifier>{67DA6AB6-F800-4c08-8B7A-83BB121AAD01}</UniqueIdentifier>
      <Extensions>rc;ico;cur;bmp;dlg;rc2;rct;bin;rgs;gif;jpg;jpeg;jpe;resx;tiff;tif;png;wav;mfcribbon-ms</Extensions>
    </Filter>
    <Filter Include="Framework">
      <UniqueIdentifier>{eb0851cf-d86d-4dce-8a99-7474ed8dd9b1}</UniqueIdentifier>
    </Filter>
    <Filter Include="Framework\Game">
      <UniqueIdentifier>{103705b6-9fa0-4102-8435-e43325e4fd1a}</UniqueIdentifier>
    </Filter>
    <Filter Include="Framework\Game\GameObject">
      <UniqueIdentifier>{a27b97f1-7bf8-4866-b377-fdac4e4f3fe3}</UniqueIdentifier>
    </Filter>
    <Filter Include="Framework\Game\Animation">
      <UniqueIdentifier>{599b8ce6-6526-4729-8f17-3b07ba543dc3}</UniqueIdentifier>
    </Filter>
    <Filter Include="Framework\Game\Sprite">
      <UniqueIdentifier>{c43fd440-4e4f-4975-b42d-2244542356d5}</UniqueIdentifier>
    </Filter>
    <Filter Include="Framework\Game\Texture">
      <UniqueIdentifier>{65c46012-ae4f-4e65-89aa-c51ec752a355}</UniqueIdentifier>
    </Filter>
    <Filter Include="Framework\Game\Debug">
      <UniqueIdentifier>{2af1abe4-b05a-48b6-b150-63e0d9b29c08}</UniqueIdentifier>
    </Filter>
    <Filter Include="Framework\Game\Utils">
      <UniqueIdentifier>{087b2aba-4873-4ee5-ad52-dcbddf3fe52f}</UniqueIdentifier>
    </Filter>
    <Filter Include="GameSource">
      <UniqueIdentifier>{4b1b6114-867a-48b7-bbcf-79e4c2174663}</UniqueIdentifier>
    </Filter>
    <Filter Include="GameSource\Scenes">
      <UniqueIdentifier>{04aa8432-e902-4aa9-8ce1-fd935fa47cfa}</UniqueIdentifier>
    </Filter>
    <Filter Include="GameSource\GameObjects">
      <UniqueIdentifier>{328def16-2e94-4f63-b3a2-41ce71799b97}</UniqueIdentifier>
    </Filter>
    <Filter Include="Framework\Game\Input">
      <UniqueIdentifier>{29a764d9-a3a8-41da-a552-76444bbad3fa}</UniqueIdentifier>
    </Filter>
    <Filter Include="Framework\Game\Map">
      <UniqueIdentifier>{34785473-c3be-483e-a5c5-27c59f6f4cbe}</UniqueIdentifier>
    </Filter>
    <Filter Include="Framework\Game\Camera">
      <UniqueIdentifier>{fb09292d-3800-48b3-9348-e3f148126f9e}</UniqueIdentifier>
    </Filter>
    <Filter Include="Framework\Game\Physics">
      <UniqueIdentifier>{da3078ff-d09d-41f9-b355-0d38893f350c}</UniqueIdentifier>
    </Filter>
    <Filter Include="Framework\Game\Map\MapLoader">
      <UniqueIdentifier>{68f9d2b9-0a35-4b64-ab8d-3e6ae01e9e0d}</UniqueIdentifier>
    </Filter>
    <Filter Include="Framework\TinyXML">
      <UniqueIdentifier>{9a7025ec-1610-4b9d-a519-47c78f1647aa}</UniqueIdentifier>
    </Filter>
    <Filter Include="GameSource\GameObjects\Enemies">
      <UniqueIdentifier>{89b98fcc-a4c7-4870-928c-9e074cd0ac36}</UniqueIdentifier>
    </Filter>
    <Filter Include="GameSource\GameObjects\Projectiles">
      <UniqueIdentifier>{f61e4292-a529-4155-8e23-2151f34213e2}</UniqueIdentifier>
    </Filter>
    <Filter Include="GameSource\GameObjects\Projectiles\MarioProjectiles">
      <UniqueIdentifier>{7e9f208c-0784-4856-8152-3bf8a7d92d0e}</UniqueIdentifier>
    </Filter>
    <Filter Include="GameSource\GameObjects\Mario">
      <UniqueIdentifier>{e01434ba-1023-4800-b351-1c793bbb13d4}</UniqueIdentifier>
    </Filter>
    <Filter Include="GameSource\GameObjects\Mario\MarioStates">
      <UniqueIdentifier>{4003c20f-cd30-41b5-b708-89ed71900ed0}</UniqueIdentifier>
    </Filter>
    <Filter Include="GameSource\GameObjects\Enemies\Goombas">
      <UniqueIdentifier>{02bd93dd-5ed7-4b9f-8bcb-b8b250af49c9}</UniqueIdentifier>
    </Filter>
    <Filter Include="GameSource\GameObjects\Enemies\Koopas">
      <UniqueIdentifier>{0eff909a-c8b9-41cb-a55f-b298f390525b}</UniqueIdentifier>
    </Filter>
    <Filter Include="GameSource\GameObjects\Items">
      <UniqueIdentifier>{21a82b04-d269-4755-84b2-baf398025016}</UniqueIdentifier>
    </Filter>
    <Filter Include="GameSource\GameObjects\Items\Powerups">
      <UniqueIdentifier>{e8982273-5f0e-41d7-b258-f500c1567c43}</UniqueIdentifier>
    </Filter>
    <Filter Include="GameSource\GameObjects\Items\Misc">
      <UniqueIdentifier>{08abf338-0c23-4d5e-9bd3-7f0707c254fb}</UniqueIdentifier>
    </Filter>
    <Filter Include="GameSource\GameObjects\Blocks">
      <UniqueIdentifier>{91f8724d-b351-43a8-ba64-2143aa60a6bd}</UniqueIdentifier>
    </Filter>
    <Filter Include="GameSource\GameObjects\Spawners">
      <UniqueIdentifier>{eccb3aec-e124-486c-9d07-cf885823c4d7}</UniqueIdentifier>
    </Filter>
    <Filter Include="GameSource\GameObjects\Spawners\GoombaSpawners">
      <UniqueIdentifier>{5260e21a-ef56-4935-9783-c2bfae963083}</UniqueIdentifier>
    </Filter>
    <Filter Include="GameSource\GameObjects\Misc">
      <UniqueIdentifier>{703ad6f4-c690-4794-9b65-30c242595f95}</UniqueIdentifier>
    </Filter>
    <Filter Include="GameSource\GameObjects\Enemies\Koopas\RedKoopa">
      <UniqueIdentifier>{457a6924-713d-4deb-9229-23f6e5e0628a}</UniqueIdentifier>
    </Filter>
    <Filter Include="GameSource\GameObjects\Effects">
      <UniqueIdentifier>{5b0e39fc-ecca-4059-b79d-042eef788b1c}</UniqueIdentifier>
    </Filter>
    <Filter Include="GameSource\GameObjects\Effects\MiscFX">
      <UniqueIdentifier>{d39eaec5-6959-467c-ba83-f093d281d54e}</UniqueIdentifier>
    </Filter>
    <Filter Include="GameSource\GameObjects\Effects\MarioFX">
      <UniqueIdentifier>{3f61bc79-984f-4230-b8a9-6ba446ca1ad6}</UniqueIdentifier>
    </Filter>
    <Filter Include="GameSource\GameObjects\Effects\HitFX">
      <UniqueIdentifier>{46a20bac-ead8-4325-a7b6-ee7eaf2f1b27}</UniqueIdentifier>
    </Filter>
    <Filter Include="GameSource\GameObjects\Enemies\Koopas\GreenKoopa">
      <UniqueIdentifier>{df757476-4fa5-4af8-a00a-7f7497d576ce}</UniqueIdentifier>
    </Filter>
    <Filter Include="GameSource\GameObjects\Enemies\Plants">
      <UniqueIdentifier>{dc79af46-1747-40b8-b909-6b7070c36e0a}</UniqueIdentifier>
    </Filter>
    <Filter Include="GameSource\GameObjects\Spawners\KoopaSpawners">
      <UniqueIdentifier>{ea96fcfa-8a97-493d-8ae5-5f56cbc5e77e}</UniqueIdentifier>
    </Filter>
    <Filter Include="GameSource\GameObjects\Spawners\PlantSpawners">
      <UniqueIdentifier>{815b75f3-031f-4e1c-8780-e0ac836fd798}</UniqueIdentifier>
    </Filter>
    <Filter Include="GameSource\GameObjects\Pipes">
      <UniqueIdentifier>{b006ed4f-f53a-4ca9-be11-7f73d4c48aeb}</UniqueIdentifier>
    </Filter>
    <Filter Include="GameSource\GameObjects\Colliders">
      <UniqueIdentifier>{43f5686f-e80e-4eaa-9820-aa6b808891e0}</UniqueIdentifier>
    </Filter>
    <Filter Include="GameSource\GameObjects\Enemies\Plants\Piranha">
      <UniqueIdentifier>{274a121e-d6ea-4124-a052-febd9a9807bd}</UniqueIdentifier>
    </Filter>
    <Filter Include="GameSource\GameObjects\Enemies\Plants\VenusFireTrap">
      <UniqueIdentifier>{45471835-1f59-46eb-ba25-64f27cd66f19}</UniqueIdentifier>
    </Filter>
    <Filter Include="GameSource\GameObjects\Projectiles\HostileProjectiles">
      <UniqueIdentifier>{ad23a509-e01a-4d2b-8a93-9f74ec86a6e3}</UniqueIdentifier>
    </Filter>
    <Filter Include="GameSource\GameObjects\Warp">
      <UniqueIdentifier>{f24fc652-9d5f-45f1-99a1-c8df6c224bdd}</UniqueIdentifier>
    </Filter>
    <Filter Include="Framework\Game\UI">
      <UniqueIdentifier>{96d0a7cf-20da-4f0b-b398-d5bd22ca57da}</UniqueIdentifier>
    </Filter>
    <Filter Include="GameSource\UserInterface">
      <UniqueIdentifier>{529c4ae8-1ec0-49e9-b163-8205ebc81fca}</UniqueIdentifier>
    </Filter>
    <Filter Include="GameSource\UserInterface\HUD">
      <UniqueIdentifier>{e7dccec2-cac1-41e4-953d-c924b099ae1b}</UniqueIdentifier>
    </Filter>
    <Filter Include="Framework\Game\UI\Text">
      <UniqueIdentifier>{f3369e7b-887b-451e-8a3e-1d82b6a57024}</UniqueIdentifier>
    </Filter>
    <Filter Include="GameSource\GameObjects\Effects\ScoreFX">
      <UniqueIdentifier>{7cef1d40-20aa-4307-ae1a-7d23576f1808}</UniqueIdentifier>
    </Filter>
    <Filter Include="GameSource\Assets">
      <UniqueIdentifier>{c4ce03fa-921f-4041-84f2-42eeff3cb431}</UniqueIdentifier>
    </Filter>
    <Filter Include="GameSource\Assets\Animations">
      <UniqueIdentifier>{86fd5a3e-f91e-4561-a48f-74c995449751}</UniqueIdentifier>
    </Filter>
    <Filter Include="GameSource\Assets\Maps">
      <UniqueIdentifier>{8041dd6b-fc26-4601-b936-e0fb87f1562c}</UniqueIdentifier>
    </Filter>
    <Filter Include="GameSource\Assets\Sprites">
      <UniqueIdentifier>{8a14085f-3ba1-4af1-83c4-6ac7d95bf9e8}</UniqueIdentifier>
    </Filter>
    <Filter Include="GameSource\Assets\Sprites\SpriteDatabases">
      <UniqueIdentifier>{9437b2e3-ff45-4b52-b844-c2491f853e9e}</UniqueIdentifier>
    </Filter>
    <Filter Include="GameSource\Assets\Scenes">
      <UniqueIdentifier>{5bc09247-cbb2-4bed-a027-93513f8d4bcb}</UniqueIdentifier>
    </Filter>
    <Filter Include="Framework\Game\Patterns">
      <UniqueIdentifier>{d90599c5-4f2b-41a2-9b48-b4c326d9f605}</UniqueIdentifier>
    </Filter>
    <Filter Include="Framework\Game\Patterns\ServiceLocator">
      <UniqueIdentifier>{25c20b0b-4e59-4951-bd17-0723ccda9b86}</UniqueIdentifier>
    </Filter>
    <Filter Include="Framework\Game\Patterns\Singleton">
      <UniqueIdentifier>{ca870334-8943-4ef9-8370-a2c111f0ff6d}</UniqueIdentifier>
    </Filter>
    <Filter Include="Framework\Game\Patterns\Component">
      <UniqueIdentifier>{2e567f27-b85b-45f3-a22c-dd5e32c6a76e}</UniqueIdentifier>
    </Filter>
    <Filter Include="Framework\Game\Patterns\StateMachine">
      <UniqueIdentifier>{be3da7b4-33d2-41fb-b943-4e65c1acc0ad}</UniqueIdentifier>
    </Filter>
    <Filter Include="Framework\Game\Patterns\ObjectPool">
      <UniqueIdentifier>{bda6414b-85e9-4dcd-bf71-21e05988405f}</UniqueIdentifier>
    </Filter>
    <Filter Include="GameSource\GameObjects\Items\LevelReward">
      <UniqueIdentifier>{55c9cc1c-9bae-46ad-89f2-373d34539e72}</UniqueIdentifier>
    </Filter>
    <Filter Include="Framework\Game\Scene">
      <UniqueIdentifier>{13f2f45b-1311-41aa-a42e-3fc51c7f8231}</UniqueIdentifier>
    </Filter>
    <Filter Include="GameSource\GameObjects\WorldMap">
      <UniqueIdentifier>{7520176b-15b5-45f5-a77b-e2f1e39ee380}</UniqueIdentifier>
    </Filter>
    <Filter Include="GameSource\GameObjects\WorldMap\Graph">
      <UniqueIdentifier>{6914ce74-6652-4502-b158-5b09693c463b}</UniqueIdentifier>
    </Filter>
    <Filter Include="GameSource\GameObjects\WorldMap\MapNodes">
      <UniqueIdentifier>{771b4e6c-c549-429e-99d4-3cd576ee98bc}</UniqueIdentifier>
    </Filter>
    <Filter Include="GameSource\UserInterface\MainMenu">
      <UniqueIdentifier>{cb2f08e7-1853-409b-b560-768b2ee4b9bc}</UniqueIdentifier>
    </Filter>
    <Filter Include="GameSource\UserInterface\Layouts">
      <UniqueIdentifier>{06972f3a-11cb-45f9-bbc0-d1df79cee9c6}</UniqueIdentifier>
    </Filter>
    <Filter Include="Framework\Game\SpatialPartition">
      <UniqueIdentifier>{6be6bf16-29af-415a-8db4-efeed810d253}</UniqueIdentifier>
    </Filter>
  </ItemGroup>
  <ItemGroup>
    <ClInclude Include="framework.h">
      <Filter>Header Files</Filter>
    </ClInclude>
    <ClInclude Include="targetver.h">
      <Filter>Header Files</Filter>
    </ClInclude>
    <ClInclude Include="Resource.h">
      <Filter>Header Files</Filter>
    </ClInclude>
    <ClInclude Include="Game.h">
      <Filter>Framework</Filter>
    </ClInclude>
    <ClInclude Include="Service.h">
      <Filter>Framework\Game\Patterns\ServiceLocator</Filter>
    </ClInclude>
    <ClInclude Include="ServiceLocator.h">
      <Filter>Framework\Game\Patterns\ServiceLocator</Filter>
    </ClInclude>
    <ClInclude Include="Singleton.h">
      <Filter>Framework\Game\Patterns\Singleton</Filter>
    </ClInclude>
    <ClInclude Include="TextureManager.h">
      <Filter>Framework\Game\Texture</Filter>
    </ClInclude>
    <ClInclude Include="Debug.h">
      <Filter>Framework\Game\Debug</Filter>
    </ClInclude>
    <ClInclude Include="Sprite.h">
      <Filter>Framework\Game\Sprite</Filter>
    </ClInclude>
    <ClInclude Include="Animation.h">
      <Filter>Framework\Game\Animation</Filter>
    </ClInclude>
    <ClInclude Include="AnimationFrame.h">
      <Filter>Framework\Game\Animation</Filter>
    </ClInclude>
    <ClInclude Include="GameObject.h">
      <Filter>Framework\Game\GameObject</Filter>
    </ClInclude>
    <ClInclude Include="Transform.h">
      <Filter>Framework\Game\Utils</Filter>
    </ClInclude>
    <ClInclude Include="Scene.h">
      <Filter>Framework\Game\Scene</Filter>
    </ClInclude>
    <ClInclude Include="SceneManager.h">
      <Filter>Framework\Game\Scene</Filter>
    </ClInclude>
    <ClInclude Include="Utils.h">
      <Filter>Framework\Game\Utils</Filter>
    </ClInclude>
    <ClInclude Include="ExampleScene.h">
      <Filter>GameSource\Scenes</Filter>
    </ClInclude>
    <ClInclude Include="AnimationDatabase.h">
      <Filter>Framework\Game\Animation</Filter>
    </ClInclude>
    <ClInclude Include="InputHandler.h">
      <Filter>Framework\Game\Input</Filter>
    </ClInclude>
    <ClInclude Include="KeyEventHandler.h">
      <Filter>Framework\Game\Input</Filter>
    </ClInclude>
    <ClInclude Include="GameMap.h">
      <Filter>Framework\Game\Map</Filter>
    </ClInclude>
    <ClInclude Include="Tile.h">
      <Filter>Framework\Game\Sprite</Filter>
    </ClInclude>
    <ClInclude Include="Camera.h">
      <Filter>Framework\Game\Camera</Filter>
    </ClInclude>
    <ClInclude Include="Collider2D.h">
      <Filter>Framework\Game\Physics</Filter>
    </ClInclude>
    <ClInclude Include="Rigidbody2D.h">
      <Filter>Framework\Game\Physics</Filter>
    </ClInclude>
    <ClInclude Include="SolidBox.h">
      <Filter>GameSource\GameObjects\Colliders</Filter>
    </ClInclude>
    <ClInclude Include="ObjectTags.h">
      <Filter>Framework\Game\GameObject</Filter>
    </ClInclude>
    <ClInclude Include="Mathf.h">
      <Filter>Framework\Game\Utils</Filter>
    </ClInclude>
    <ClInclude Include="Consts.h">
      <Filter>Framework\Game\Utils</Filter>
    </ClInclude>
    <ClInclude Include="CMario.h">
      <Filter>GameSource\GameObjects\Mario\MarioStates</Filter>
    </ClInclude>
    <ClInclude Include="IState.h">
      <Filter>Framework\Game\Patterns\StateMachine</Filter>
    </ClInclude>
    <ClInclude Include="StateMachine.h">
      <Filter>Framework\Game\Patterns\StateMachine</Filter>
    </ClInclude>
    <ClInclude Include="PlayerController.h">
      <Filter>GameSource\GameObjects</Filter>
    </ClInclude>
    <ClInclude Include="SmallMario.h">
      <Filter>GameSource\GameObjects\Mario\MarioStates</Filter>
    </ClInclude>
    <ClInclude Include="FireMario.h">
      <Filter>GameSource\GameObjects\Mario\MarioStates</Filter>
    </ClInclude>
    <ClInclude Include="PhysicMaterial.h">
      <Filter>Framework\Game\Physics</Filter>
    </ClInclude>
    <ClInclude Include="GhostPlatform.h">
      <Filter>GameSource\GameObjects\Colliders</Filter>
    </ClInclude>
    <ClInclude Include="Effector2D.h">
      <Filter>Framework\Game\Physics</Filter>
    </ClInclude>
    <ClInclude Include="TilesetInfo.h">
      <Filter>Framework\Game\Map\MapLoader</Filter>
    </ClInclude>
    <ClInclude Include="Layer.h">
      <Filter>Framework\Game\Map\MapLoader</Filter>
    </ClInclude>
    <ClInclude Include="ObjectGroup.h">
      <Filter>Framework\Game\Map\MapLoader</Filter>
    </ClInclude>
    <ClInclude Include="MapData.h">
      <Filter>Framework\Game\Map\MapLoader</Filter>
    </ClInclude>
    <ClInclude Include="RaccoonMario.h">
      <Filter>GameSource\GameObjects\Mario\MarioStates</Filter>
    </ClInclude>
    <ClInclude Include="IPooled.h">
      <Filter>Framework\Game\Patterns\ObjectPool</Filter>
    </ClInclude>
    <ClInclude Include="ObjectPool.h">
      <Filter>Framework\Game\Patterns\ObjectPool</Filter>
    </ClInclude>
    <ClInclude Include="tinystr.h">
      <Filter>Framework\TinyXML</Filter>
    </ClInclude>
    <ClInclude Include="tinyxml.h">
      <Filter>Framework\TinyXML</Filter>
    </ClInclude>
    <ClInclude Include="MarioFireball.h">
      <Filter>GameSource\GameObjects\Projectiles\MarioProjectiles</Filter>
    </ClInclude>
    <ClInclude Include="AbstractEnemy.h">
      <Filter>GameSource\GameObjects\Enemies</Filter>
    </ClInclude>
    <ClInclude Include="MarioCollider.h">
      <Filter>GameSource\GameObjects\Mario</Filter>
    </ClInclude>
    <ClInclude Include="SpawnerManager.h">
      <Filter>GameSource\GameObjects\Spawners</Filter>
    </ClInclude>
    <ClInclude Include="AbstractSpawner.h">
      <Filter>GameSource\GameObjects\Spawners</Filter>
    </ClInclude>
    <ClInclude Include="GoombaSpawner.h">
      <Filter>GameSource\GameObjects\Spawners\GoombaSpawners</Filter>
    </ClInclude>
    <ClInclude Include="RaccoonAttackBox.h">
      <Filter>GameSource\GameObjects\Projectiles\MarioProjectiles</Filter>
    </ClInclude>
    <ClInclude Include="KoopasShell.h">
      <Filter>GameSource\GameObjects\Enemies\Koopas</Filter>
    </ClInclude>
    <ClInclude Include="Holdable.h">
      <Filter>GameSource\GameObjects\Misc</Filter>
    </ClInclude>
    <ClInclude Include="RedKoopasShell.h">
      <Filter>GameSource\GameObjects\Enemies\Koopas\RedKoopa</Filter>
    </ClInclude>
    <ClInclude Include="RedKoopa.h">
      <Filter>GameSource\GameObjects\Enemies\Koopas\RedKoopa</Filter>
    </ClInclude>
    <ClInclude Include="VisionBox.h">
      <Filter>GameSource\GameObjects\Enemies\Koopas\RedKoopa</Filter>
    </ClInclude>
    <ClInclude Include="AbstractBlock.h">
      <Filter>GameSource\GameObjects\Blocks</Filter>
    </ClInclude>
    <ClInclude Include="QuestionBlock.h">
      <Filter>GameSource\GameObjects\Blocks</Filter>
    </ClInclude>
    <ClInclude Include="FXObject.h">
      <Filter>GameSource\GameObjects\Effects</Filter>
    </ClInclude>
    <ClInclude Include="CoinObtainedFX.h">
      <Filter>GameSource\GameObjects\Effects\MiscFX</Filter>
    </ClInclude>
    <ClInclude Include="TransformationFX.h">
      <Filter>GameSource\GameObjects\Effects\MarioFX</Filter>
    </ClInclude>
    <ClInclude Include="GrowUpFX.h">
      <Filter>GameSource\GameObjects\Effects\MarioFX</Filter>
    </ClInclude>
    <ClInclude Include="ShrinkDownFX.h">
      <Filter>GameSource\GameObjects\Effects\MarioFX</Filter>
    </ClInclude>
    <ClInclude Include="AbstractItem.h">
      <Filter>GameSource\GameObjects\Items</Filter>
    </ClInclude>
    <ClInclude Include="RedMushroom.h">
      <Filter>GameSource\GameObjects\Items\Powerups</Filter>
    </ClInclude>
    <ClInclude Include="RaccoonLeaf.h">
      <Filter>GameSource\GameObjects\Items\Powerups</Filter>
    </ClInclude>
    <ClInclude Include="Brick.h">
      <Filter>GameSource\GameObjects\Blocks</Filter>
    </ClInclude>
    <ClInclude Include="BrickDebrisFX.h">
      <Filter>GameSource\GameObjects\Effects\MiscFX</Filter>
    </ClInclude>
    <ClInclude Include="Raycast.h">
      <Filter>Framework\Game\Physics</Filter>
    </ClInclude>
    <ClInclude Include="GreenKoopasShell.h">
      <Filter>GameSource\GameObjects\Enemies\Koopas\GreenKoopa</Filter>
    </ClInclude>
    <ClInclude Include="Coin.h">
      <Filter>GameSource\GameObjects\Items\Misc</Filter>
    </ClInclude>
    <ClInclude Include="ItemInfo.h">
      <Filter>GameSource\GameObjects\Items</Filter>
    </ClInclude>
    <ClInclude Include="HitFX.h">
      <Filter>GameSource\GameObjects\Effects\HitFX</Filter>
    </ClInclude>
    <ClInclude Include="SmokeSpotFX.h">
      <Filter>GameSource\GameObjects\Effects\HitFX</Filter>
    </ClInclude>
    <ClInclude Include="HitStarFX.h">
      <Filter>GameSource\GameObjects\Effects\HitFX</Filter>
    </ClInclude>
    <ClInclude Include="Goomba.h">
      <Filter>GameSource\GameObjects\Enemies\Goombas</Filter>
    </ClInclude>
    <ClInclude Include="RedGoomba.h">
      <Filter>GameSource\GameObjects\Enemies\Goombas</Filter>
    </ClInclude>
    <ClInclude Include="RedParagoomba.h">
      <Filter>GameSource\GameObjects\Enemies\Goombas</Filter>
    </ClInclude>
    <ClInclude Include="KoopaParatroopa.h">
      <Filter>GameSource\GameObjects\Enemies\Koopas</Filter>
    </ClInclude>
    <ClInclude Include="GreenKoopa.h">
      <Filter>GameSource\GameObjects\Enemies\Koopas\GreenKoopa</Filter>
    </ClInclude>
    <ClInclude Include="GreenKoopaParatroopa.h">
      <Filter>GameSource\GameObjects\Enemies\Koopas\GreenKoopa</Filter>
    </ClInclude>
    <ClInclude Include="Plant.h">
      <Filter>GameSource\GameObjects\Enemies\Plants</Filter>
    </ClInclude>
    <ClInclude Include="KoopaSpawner.h">
      <Filter>GameSource\GameObjects\Spawners\KoopaSpawners</Filter>
    </ClInclude>
    <ClInclude Include="PlantSpawner.h">
      <Filter>GameSource\GameObjects\Spawners\PlantSpawners</Filter>
    </ClInclude>
    <ClInclude Include="Pipe.h">
      <Filter>GameSource\GameObjects\Pipes</Filter>
    </ClInclude>
    <ClInclude Include="PiranhaPlant.h">
      <Filter>GameSource\GameObjects\Enemies\Plants\Piranha</Filter>
    </ClInclude>
    <ClInclude Include="VenusFireTrap.h">
      <Filter>GameSource\GameObjects\Enemies\Plants\VenusFireTrap</Filter>
    </ClInclude>
    <ClInclude Include="RedVenusFireTrap.h">
      <Filter>GameSource\GameObjects\Enemies\Plants\VenusFireTrap</Filter>
    </ClInclude>
    <ClInclude Include="GreenVenusFireTrap.h">
      <Filter>GameSource\GameObjects\Enemies\Plants\VenusFireTrap</Filter>
    </ClInclude>
    <ClInclude Include="VenusFireball.h">
      <Filter>GameSource\GameObjects\Projectiles\HostileProjectiles</Filter>
    </ClInclude>
    <ClInclude Include="WarpInfo.h">
      <Filter>GameSource\GameObjects\Warp</Filter>
    </ClInclude>
    <ClInclude Include="WarpMark.h">
      <Filter>GameSource\GameObjects\Warp</Filter>
    </ClInclude>
    <ClInclude Include="WarpEntrance.h">
      <Filter>GameSource\GameObjects\Warp</Filter>
    </ClInclude>
    <ClInclude Include="WarpUtils.h">
      <Filter>GameSource\GameObjects\Warp</Filter>
    </ClInclude>
    <ClInclude Include="UIElement.h">
      <Filter>Framework\Game\UI</Filter>
    </ClInclude>
    <ClInclude Include="Canvas.h">
      <Filter>Framework\Game\UI</Filter>
    </ClInclude>
    <ClInclude Include="PhysicConstants.h">
      <Filter>Framework\Game\Utils</Filter>
    </ClInclude>
    <ClInclude Include="MainCanvas.h">
      <Filter>GameSource\UserInterface\Layouts</Filter>
    </ClInclude>
    <ClInclude Include="HudPanel.h">
      <Filter>GameSource\UserInterface\HUD</Filter>
    </ClInclude>
    <ClInclude Include="GlobalConfigs.h">
      <Filter>Framework\Game\Utils</Filter>
    </ClInclude>
    <ClInclude Include="HudUtils.h">
      <Filter>GameSource\UserInterface\HUD</Filter>
    </ClInclude>
    <ClInclude Include="Font.h">
      <Filter>Framework\Game\UI\Text</Filter>
    </ClInclude>
    <ClInclude Include="Text.h">
      <Filter>Framework\Game\UI\Text</Filter>
    </ClInclude>
    <ClInclude Include="PowerMeter.h">
      <Filter>GameSource\UserInterface\HUD</Filter>
    </ClInclude>
    <ClInclude Include="GameData.h">
      <Filter>GameSource</Filter>
    </ClInclude>
    <ClInclude Include="ScoreFX.h">
      <Filter>GameSource\GameObjects\Effects\ScoreFX</Filter>
    </ClInclude>
    <ClInclude Include="EffectPool.h">
      <Filter>GameSource\GameObjects\Effects</Filter>
    </ClInclude>
    <ClInclude Include="PSwitch.h">
      <Filter>GameSource\GameObjects\Misc</Filter>
    </ClInclude>
    <ClInclude Include="ItemBrick.h">
      <Filter>GameSource\GameObjects\Blocks</Filter>
    </ClInclude>
    <ClInclude Include="LevelReward.h">
      <Filter>GameSource\GameObjects\Items\LevelReward</Filter>
    </ClInclude>
    <ClInclude Include="RewardFX.h">
      <Filter>GameSource\GameObjects\Effects\ScoreFX</Filter>
    </ClInclude>
    <ClInclude Include="WorldMapScene.h">
      <Filter>GameSource\Scenes</Filter>
    </ClInclude>
    <ClInclude Include="MapTree.h">
      <Filter>GameSource\GameObjects\Misc</Filter>
    </ClInclude>
    <ClInclude Include="GraphNode.h">
      <Filter>GameSource\GameObjects\WorldMap\Graph</Filter>
    </ClInclude>
    <ClInclude Include="Graph.h">
      <Filter>GameSource\GameObjects\WorldMap\Graph</Filter>
    </ClInclude>
    <ClInclude Include="MapNode.h">
      <Filter>GameSource\GameObjects\WorldMap\MapNodes</Filter>
    </ClInclude>
    <ClInclude Include="Gate.h">
      <Filter>GameSource\GameObjects\WorldMap\MapNodes</Filter>
    </ClInclude>
    <ClInclude Include="MarioLocator.h">
      <Filter>GameSource\GameObjects\WorldMap</Filter>
    </ClInclude>
    <ClInclude Include="MarioFX.h">
      <Filter>GameSource\GameObjects\Effects\MarioFX</Filter>
    </ClInclude>
    <ClInclude Include="DieFX.h">
      <Filter>GameSource\GameObjects\Effects\MarioFX</Filter>
    </ClInclude>
    <ClInclude Include="MenuBackground.h">
      <Filter>GameSource\UserInterface\MainMenu</Filter>
    </ClInclude>
    <ClInclude Include="MainMenuScene.h">
      <Filter>GameSource\Scenes</Filter>
    </ClInclude>
    <ClInclude Include="MenuVersionFX.h">
      <Filter>GameSource\UserInterface\MainMenu</Filter>
    </ClInclude>
    <ClInclude Include="MenuKoopa.h">
      <Filter>GameSource\UserInterface\MainMenu</Filter>
    </ClInclude>
    <ClInclude Include="WorldDialog.h">
      <Filter>GameSource\UserInterface\Layouts</Filter>
    </ClInclude>
    <ClInclude Include="GameOverDialog.h">
      <Filter>GameSource\UserInterface\Layouts</Filter>
    </ClInclude>
    <ClInclude Include="AbstractPlatform.h">
      <Filter>Header Files</Filter>
    </ClInclude>
    <ClInclude Include="GravityPlatform.h">
      <Filter>Header Files</Filter>
    </ClInclude>
    <ClInclude Include="RedKoopaParatroopa.h">
      <Filter>GameSource\GameObjects\Enemies\Koopas\RedKoopa</Filter>
    </ClInclude>
    <ClInclude Include="Green1UPMushroom.h">
      <Filter>GameSource\GameObjects\Items\Powerups</Filter>
    </ClInclude>
    <ClInclude Include="Cell.h">
      <Filter>Framework\Game\SpatialPartition</Filter>
    </ClInclude>
    <ClInclude Include="Grid.h">
      <Filter>Framework\Game\SpatialPartition</Filter>
    </ClInclude>
  </ItemGroup>
  <ItemGroup>
    <ResourceCompile Include="WindowsProject1.rc">
      <Filter>Resource Files</Filter>
    </ResourceCompile>
  </ItemGroup>
  <ItemGroup>
    <Image Include="small.ico">
      <Filter>Resource Files</Filter>
    </Image>
    <Image Include="WindowsProject1.ico">
      <Filter>Resource Files</Filter>
    </Image>
    <Image Include="Assets\Maps\world-1-1.png">
      <Filter>GameSource\Assets\Maps</Filter>
    </Image>
    <Image Include="Assets\Sprites\enemy.png">
      <Filter>GameSource\Assets\Sprites</Filter>
    </Image>
    <Image Include="Assets\Sprites\intro.png">
      <Filter>GameSource\Assets\Sprites</Filter>
    </Image>
    <Image Include="Assets\Sprites\items.png">
      <Filter>GameSource\Assets\Sprites</Filter>
    </Image>
    <Image Include="Assets\Sprites\mario.png">
      <Filter>GameSource\Assets\Sprites</Filter>
    </Image>
    <Image Include="Assets\Sprites\ui.png">
      <Filter>GameSource\Assets\Sprites</Filter>
    </Image>
    <Image Include="Assets\Sprites\fire-ball.png">
      <Filter>GameSource\Assets\Sprites</Filter>
    </Image>
    <Image Include="Assets\Sprites\effect_white_254_x3.png">
      <Filter>GameSource\Assets\Sprites</Filter>
    </Image>
    <Image Include="Assets\Maps\overworld-1.png">
      <Filter>GameSource\Assets\Maps</Filter>
    </Image>
  </ItemGroup>
  <ItemGroup>
    <ClCompile Include="main.cpp">
      <Filter>Source Files</Filter>
    </ClCompile>
    <ClCompile Include="Game.cpp">
      <Filter>Framework</Filter>
    </ClCompile>
    <ClCompile Include="Service.cpp">
      <Filter>Framework\Game\Patterns\ServiceLocator</Filter>
    </ClCompile>
    <ClCompile Include="ServiceLocator.cpp">
      <Filter>Framework\Game\Patterns\ServiceLocator</Filter>
    </ClCompile>
    <ClCompile Include="Singleton.cpp">
      <Filter>Framework\Game\Patterns\Singleton</Filter>
    </ClCompile>
    <ClCompile Include="TextureManager.cpp">
      <Filter>Framework\Game\Texture</Filter>
    </ClCompile>
    <ClCompile Include="Sprite.cpp">
      <Filter>Framework\Game\Sprite</Filter>
    </ClCompile>
    <ClCompile Include="Animation.cpp">
      <Filter>Framework\Game\Animation</Filter>
    </ClCompile>
    <ClCompile Include="AnimationFrame.cpp">
      <Filter>Framework\Game\Animation</Filter>
    </ClCompile>
    <ClCompile Include="GameObject.cpp">
      <Filter>Framework\Game\GameObject</Filter>
    </ClCompile>
    <ClCompile Include="Transform.cpp">
      <Filter>Framework\Game\Utils</Filter>
    </ClCompile>
    <ClCompile Include="Scene.cpp">
      <Filter>Framework\Game\Scene</Filter>
    </ClCompile>
    <ClCompile Include="SceneManager.cpp">
      <Filter>Framework\Game\Scene</Filter>
    </ClCompile>
    <ClCompile Include="Utils.cpp">
      <Filter>Framework\Game\Utils</Filter>
    </ClCompile>
    <ClCompile Include="ExampleScene.cpp">
      <Filter>GameSource\Scenes</Filter>
    </ClCompile>
    <ClCompile Include="AnimationDatabase.cpp">
      <Filter>Framework\Game\Animation</Filter>
    </ClCompile>
    <ClCompile Include="InputHandler.cpp">
      <Filter>Framework\Game\Input</Filter>
    </ClCompile>
    <ClCompile Include="KeyEventHandler.cpp">
      <Filter>Framework\Game\Input</Filter>
    </ClCompile>
    <ClCompile Include="GameMap.cpp">
      <Filter>Framework\Game\Map</Filter>
    </ClCompile>
    <ClCompile Include="Tile.cpp">
      <Filter>Framework\Game\Sprite</Filter>
    </ClCompile>
    <ClCompile Include="Camera.cpp">
      <Filter>Framework\Game\Camera</Filter>
    </ClCompile>
    <ClCompile Include="Collider2D.cpp">
      <Filter>Framework\Game\Physics</Filter>
    </ClCompile>
    <ClCompile Include="Rigidbody2D.cpp">
      <Filter>Framework\Game\Physics</Filter>
    </ClCompile>
    <ClCompile Include="SolidBox.cpp">
      <Filter>GameSource\GameObjects\Colliders</Filter>
    </ClCompile>
    <ClCompile Include="ObjectTags.cpp">
      <Filter>Framework\Game\GameObject</Filter>
    </ClCompile>
    <ClCompile Include="Mathf.cpp">
      <Filter>Framework\Game\Utils</Filter>
    </ClCompile>
    <ClCompile Include="CMario.cpp">
      <Filter>GameSource\GameObjects\Mario\MarioStates</Filter>
    </ClCompile>
    <ClCompile Include="IState.cpp">
      <Filter>Framework\Game\Patterns\StateMachine</Filter>
    </ClCompile>
    <ClCompile Include="StateMachine.cpp">
      <Filter>Framework\Game\Patterns\StateMachine</Filter>
    </ClCompile>
    <ClCompile Include="PlayerController.cpp">
      <Filter>GameSource\GameObjects</Filter>
    </ClCompile>
    <ClCompile Include="SmallMario.cpp">
      <Filter>GameSource\GameObjects\Mario\MarioStates</Filter>
    </ClCompile>
    <ClCompile Include="FireMario.cpp">
      <Filter>GameSource\GameObjects\Mario\MarioStates</Filter>
    </ClCompile>
    <ClCompile Include="PhysicMaterial.cpp">
      <Filter>Framework\Game\Physics</Filter>
    </ClCompile>
    <ClCompile Include="GhostPlatform.cpp">
      <Filter>GameSource\GameObjects\Colliders</Filter>
    </ClCompile>
    <ClCompile Include="TilesetInfo.cpp">
      <Filter>Framework\Game\Map\MapLoader</Filter>
    </ClCompile>
    <ClCompile Include="Layer.cpp">
      <Filter>Framework\Game\Map\MapLoader</Filter>
    </ClCompile>
    <ClCompile Include="ObjectGroup.cpp">
      <Filter>Framework\Game\Map\MapLoader</Filter>
    </ClCompile>
    <ClCompile Include="MapData.cpp">
      <Filter>Framework\Game\Map\MapLoader</Filter>
    </ClCompile>
    <ClCompile Include="RaccoonMario.cpp">
      <Filter>GameSource\GameObjects\Mario\MarioStates</Filter>
    </ClCompile>
    <ClCompile Include="IPooled.cpp">
      <Filter>Framework\Game\Patterns\ObjectPool</Filter>
    </ClCompile>
    <ClCompile Include="ObjectPool.cpp">
      <Filter>Framework\Game\Patterns\ObjectPool</Filter>
    </ClCompile>
    <ClCompile Include="tinystr.cpp">
      <Filter>Framework\TinyXML</Filter>
    </ClCompile>
    <ClCompile Include="tinyxml.cpp">
      <Filter>Framework\TinyXML</Filter>
    </ClCompile>
    <ClCompile Include="tinyxmlerror.cpp">
      <Filter>Framework\TinyXML</Filter>
    </ClCompile>
    <ClCompile Include="tinyxmlparser.cpp">
      <Filter>Framework\TinyXML</Filter>
    </ClCompile>
    <ClCompile Include="MarioFireball.cpp">
      <Filter>GameSource\GameObjects\Projectiles\MarioProjectiles</Filter>
    </ClCompile>
    <ClCompile Include="AbstractEnemy.cpp">
      <Filter>GameSource\GameObjects\Enemies</Filter>
    </ClCompile>
    <ClCompile Include="Goomba.cpp">
      <Filter>GameSource\GameObjects\Enemies\Goombas</Filter>
    </ClCompile>
    <ClCompile Include="MarioCollider.cpp">
      <Filter>GameSource\GameObjects\Mario</Filter>
    </ClCompile>
    <ClCompile Include="SpawnerManager.cpp">
      <Filter>GameSource\GameObjects\Spawners</Filter>
    </ClCompile>
    <ClCompile Include="AbstractSpawner.cpp">
      <Filter>GameSource\GameObjects\Spawners</Filter>
    </ClCompile>
    <ClCompile Include="GoombaSpawner.cpp">
      <Filter>GameSource\GameObjects\Spawners\GoombaSpawners</Filter>
    </ClCompile>
    <ClCompile Include="RaccoonAttackBox.cpp">
      <Filter>GameSource\GameObjects\Projectiles\MarioProjectiles</Filter>
    </ClCompile>
    <ClCompile Include="KoopasShell.cpp">
      <Filter>GameSource\GameObjects\Enemies\Koopas</Filter>
    </ClCompile>
    <ClCompile Include="Holdable.cpp">
      <Filter>GameSource\GameObjects\Misc</Filter>
    </ClCompile>
    <ClCompile Include="RedKoopa.cpp">
      <Filter>GameSource\GameObjects\Enemies\Koopas\RedKoopa</Filter>
    </ClCompile>
    <ClCompile Include="RedKoopasShell.cpp">
      <Filter>GameSource\GameObjects\Enemies\Koopas\RedKoopa</Filter>
    </ClCompile>
    <ClCompile Include="VisionBox.cpp">
      <Filter>GameSource\GameObjects\Enemies\Koopas\RedKoopa</Filter>
    </ClCompile>
    <ClCompile Include="AbstractBlock.cpp">
      <Filter>GameSource\GameObjects\Blocks</Filter>
    </ClCompile>
    <ClCompile Include="QuestionBlock.cpp">
      <Filter>GameSource\GameObjects\Blocks</Filter>
    </ClCompile>
    <ClCompile Include="FXObject.cpp">
      <Filter>GameSource\GameObjects\Effects</Filter>
    </ClCompile>
    <ClCompile Include="EffectPool.cpp">
      <Filter>GameSource\GameObjects\Effects</Filter>
    </ClCompile>
    <ClCompile Include="CoinObtainedFX.cpp">
      <Filter>GameSource\GameObjects\Effects\MiscFX</Filter>
    </ClCompile>
    <ClCompile Include="MarioFX.cpp">
      <Filter>GameSource\GameObjects\Effects\MarioFX</Filter>
    </ClCompile>
    <ClCompile Include="TransformationFX.cpp">
      <Filter>GameSource\GameObjects\Effects\MarioFX</Filter>
    </ClCompile>
    <ClCompile Include="GrowUpFX.cpp">
      <Filter>GameSource\GameObjects\Effects\MarioFX</Filter>
    </ClCompile>
    <ClCompile Include="ShrinkDownFX.cpp">
      <Filter>GameSource\GameObjects\Effects\MarioFX</Filter>
    </ClCompile>
    <ClCompile Include="AbstractItem.cpp">
      <Filter>GameSource\GameObjects\Items</Filter>
    </ClCompile>
    <ClCompile Include="RedMushroom.cpp">
      <Filter>GameSource\GameObjects\Items\Powerups</Filter>
    </ClCompile>
    <ClCompile Include="RaccoonLeaf.cpp">
      <Filter>GameSource\GameObjects\Items\Powerups</Filter>
    </ClCompile>
    <ClCompile Include="Brick.cpp">
      <Filter>GameSource\GameObjects\Blocks</Filter>
    </ClCompile>
    <ClCompile Include="BrickDebrisFX.cpp">
      <Filter>GameSource\GameObjects\Effects\MiscFX</Filter>
    </ClCompile>
    <ClCompile Include="Raycast.cpp">
      <Filter>Framework\Game\Physics</Filter>
    </ClCompile>
    <ClCompile Include="GreenKoopasShell.cpp">
      <Filter>GameSource\GameObjects\Enemies\Koopas\GreenKoopa</Filter>
    </ClCompile>
    <ClCompile Include="GreenKoopa.cpp">
      <Filter>GameSource\GameObjects\Enemies\Koopas\GreenKoopa</Filter>
    </ClCompile>
    <ClCompile Include="Coin.cpp">
      <Filter>GameSource\GameObjects\Items\Misc</Filter>
    </ClCompile>
    <ClCompile Include="ItemInfo.cpp">
      <Filter>GameSource\GameObjects\Items</Filter>
    </ClCompile>
    <ClCompile Include="HitFX.cpp">
      <Filter>GameSource\GameObjects\Effects\HitFX</Filter>
    </ClCompile>
    <ClCompile Include="SmokeSpotFX.cpp">
      <Filter>GameSource\GameObjects\Effects\HitFX</Filter>
    </ClCompile>
    <ClCompile Include="HitStarFX.cpp">
      <Filter>GameSource\GameObjects\Effects\HitFX</Filter>
    </ClCompile>
    <ClCompile Include="RedGoomba.cpp">
      <Filter>GameSource\GameObjects\Enemies\Goombas</Filter>
    </ClCompile>
    <ClCompile Include="RedParagoomba.cpp">
      <Filter>GameSource\GameObjects\Enemies\Goombas</Filter>
    </ClCompile>
    <ClCompile Include="KoopaParatroopa.cpp">
      <Filter>GameSource\GameObjects\Enemies\Koopas</Filter>
    </ClCompile>
    <ClCompile Include="GreenKoopaParatroopa.cpp">
      <Filter>GameSource\GameObjects\Enemies\Koopas\GreenKoopa</Filter>
    </ClCompile>
    <ClCompile Include="Plant.cpp">
      <Filter>GameSource\GameObjects\Enemies\Plants</Filter>
    </ClCompile>
    <ClCompile Include="KoopaSpawner.cpp">
      <Filter>GameSource\GameObjects\Spawners\KoopaSpawners</Filter>
    </ClCompile>
    <ClCompile Include="PlantSpawner.cpp">
      <Filter>GameSource\GameObjects\Spawners\PlantSpawners</Filter>
    </ClCompile>
    <ClCompile Include="Pipe.cpp">
      <Filter>GameSource\GameObjects\Pipes</Filter>
    </ClCompile>
    <ClCompile Include="PiranhaPlant.cpp">
      <Filter>GameSource\GameObjects\Enemies\Plants\Piranha</Filter>
    </ClCompile>
    <ClCompile Include="VenusFireTrap.cpp">
      <Filter>GameSource\GameObjects\Enemies\Plants\VenusFireTrap</Filter>
    </ClCompile>
    <ClCompile Include="RedVenusFireTrap.cpp">
      <Filter>GameSource\GameObjects\Enemies\Plants\VenusFireTrap</Filter>
    </ClCompile>
    <ClCompile Include="GreenVenusFireTrap.cpp">
      <Filter>GameSource\GameObjects\Enemies\Plants\VenusFireTrap</Filter>
    </ClCompile>
    <ClCompile Include="VenusFireball.cpp">
      <Filter>GameSource\GameObjects\Projectiles\HostileProjectiles</Filter>
    </ClCompile>
    <ClCompile Include="WarpInfo.cpp">
      <Filter>GameSource\GameObjects\Warp</Filter>
    </ClCompile>
    <ClCompile Include="WarpMark.cpp">
      <Filter>GameSource\GameObjects\Warp</Filter>
    </ClCompile>
    <ClCompile Include="WarpEntrance.cpp">
      <Filter>GameSource\GameObjects\Warp</Filter>
    </ClCompile>
    <ClCompile Include="UIElement.cpp">
      <Filter>Framework\Game\UI</Filter>
    </ClCompile>
    <ClCompile Include="Canvas.cpp">
      <Filter>Framework\Game\UI</Filter>
    </ClCompile>
    <ClCompile Include="MainCanvas.cpp">
      <Filter>GameSource\UserInterface\Layouts</Filter>
    </ClCompile>
    <ClCompile Include="HudPanel.cpp">
      <Filter>GameSource\UserInterface\HUD</Filter>
    </ClCompile>
    <ClCompile Include="Font.cpp">
      <Filter>Framework\Game\UI\Text</Filter>
    </ClCompile>
    <ClCompile Include="Text.cpp">
      <Filter>Framework\Game\UI\Text</Filter>
    </ClCompile>
    <ClCompile Include="PowerMeter.cpp">
      <Filter>GameSource\UserInterface\HUD</Filter>
    </ClCompile>
    <ClCompile Include="GameData.cpp">
      <Filter>GameSource</Filter>
    </ClCompile>
    <ClCompile Include="ScoreFX.cpp">
      <Filter>GameSource\GameObjects\Effects\ScoreFX</Filter>
    </ClCompile>
    <ClCompile Include="PSwitch.cpp">
      <Filter>GameSource\GameObjects\Misc</Filter>
    </ClCompile>
    <ClCompile Include="ItemBrick.cpp">
      <Filter>GameSource\GameObjects\Blocks</Filter>
    </ClCompile>
    <ClCompile Include="LevelReward.cpp">
      <Filter>GameSource\GameObjects\Items\LevelReward</Filter>
    </ClCompile>
    <ClCompile Include="RewardFX.cpp">
      <Filter>GameSource\GameObjects\Effects\ScoreFX</Filter>
    </ClCompile>
    <ClCompile Include="WorldMapScene.cpp">
      <Filter>GameSource\Scenes</Filter>
    </ClCompile>
    <ClCompile Include="MapTree.cpp">
      <Filter>GameSource\GameObjects\Misc</Filter>
    </ClCompile>
    <ClCompile Include="GraphNode.cpp">
      <Filter>GameSource\GameObjects\WorldMap\Graph</Filter>
    </ClCompile>
    <ClCompile Include="Graph.cpp">
      <Filter>GameSource\GameObjects\WorldMap\Graph</Filter>
    </ClCompile>
    <ClCompile Include="MapNode.cpp">
      <Filter>GameSource\GameObjects\WorldMap\MapNodes</Filter>
    </ClCompile>
    <ClCompile Include="Gate.cpp">
      <Filter>GameSource\GameObjects\WorldMap\MapNodes</Filter>
    </ClCompile>
    <ClCompile Include="MarioLocator.cpp">
      <Filter>GameSource\GameObjects\WorldMap</Filter>
    </ClCompile>
    <ClCompile Include="DieFX.cpp">
      <Filter>GameSource\GameObjects\Effects\MarioFX</Filter>
    </ClCompile>
    <ClCompile Include="MenuBackground.cpp">
      <Filter>GameSource\UserInterface\MainMenu</Filter>
    </ClCompile>
    <ClCompile Include="MainMenuScene.cpp">
      <Filter>GameSource\Scenes</Filter>
    </ClCompile>
    <ClCompile Include="MenuVersionFX.cpp">
      <Filter>GameSource\UserInterface\MainMenu</Filter>
    </ClCompile>
    <ClCompile Include="MenuKoopa.cpp">
      <Filter>GameSource\UserInterface\MainMenu</Filter>
    </ClCompile>
    <ClCompile Include="WorldDialog.cpp">
      <Filter>GameSource\UserInterface\Layouts</Filter>
    </ClCompile>
    <ClCompile Include="GameOverDialog.cpp">
      <Filter>GameSource\UserInterface\Layouts</Filter>
    </ClCompile>
    <ClCompile Include="AbstractPlatform.cpp">
      <Filter>Source Files</Filter>
    </ClCompile>
    <ClCompile Include="GravityPlatform.cpp">
      <Filter>Source Files</Filter>
    </ClCompile>
    <ClCompile Include="RedKoopaParatroopa.cpp">
      <Filter>GameSource\GameObjects\Enemies\Koopas\RedKoopa</Filter>
    </ClCompile>
    <ClCompile Include="Green1UPMushroom.cpp">
      <Filter>GameSource\GameObjects\Items\Powerups</Filter>
    </ClCompile>
    <ClCompile Include="Cell.cpp">
      <Filter>Framework\Game\SpatialPartition</Filter>
    </ClCompile>
    <ClCompile Include="Grid.cpp">
      <Filter>Framework\Game\SpatialPartition</Filter>
    </ClCompile>
  </ItemGroup>
  <ItemGroup>
    <None Include="Assets\root.xml">
      <Filter>GameSource\Assets</Filter>
    </None>
    <None Include="Assets\Maps\world-1-1-map.tmx">
      <Filter>GameSource\Assets\Maps</Filter>
    </None>
    <None Include="Assets\Maps\overworld-1-map.tmx">
      <Filter>GameSource\Assets\Maps</Filter>
    </None>
    <None Include="Assets\Maps\world-1-4-map.tmx">
      <Filter>GameSource\Assets\Maps</Filter>
    </None>
  </ItemGroup>
  <ItemGroup>
    <Xml Include="Assets\Scenes\World1-1.xml">
      <Filter>GameSource\Assets\Scenes</Filter>
    </Xml>
    <Xml Include="Assets\Animations\EnemyAnim.xml">
      <Filter>GameSource\Assets\Animations</Filter>
    </Xml>
    <Xml Include="Assets\Animations\IntroAnim.xml">
      <Filter>GameSource\Assets\Animations</Filter>
    </Xml>
    <Xml Include="Assets\Animations\MarioAnim.xml">
      <Filter>GameSource\Assets\Animations</Filter>
    </Xml>
    <Xml Include="Assets\Animations\MiscAnim.xml">
      <Filter>GameSource\Assets\Animations</Filter>
    </Xml>
    <Xml Include="Assets\Animations\UiAnim.xml">
      <Filter>GameSource\Assets\Animations</Filter>
    </Xml>
    <Xml Include="Assets\Sprites\SpriteDatabases\EnemyDB.xml">
      <Filter>GameSource\Assets\Sprites\SpriteDatabases</Filter>
    </Xml>
    <Xml Include="Assets\Sprites\SpriteDatabases\IntroDB.xml">
      <Filter>GameSource\Assets\Sprites\SpriteDatabases</Filter>
    </Xml>
    <Xml Include="Assets\Sprites\SpriteDatabases\MarioDB.xml">
      <Filter>GameSource\Assets\Sprites\SpriteDatabases</Filter>
    </Xml>
    <Xml Include="Assets\Sprites\SpriteDatabases\MiscDB.xml">
      <Filter>GameSource\Assets\Sprites\SpriteDatabases</Filter>
    </Xml>
    <Xml Include="Assets\Sprites\SpriteDatabases\UiDB.xml">
      <Filter>GameSource\Assets\Sprites\SpriteDatabases</Filter>
    </Xml>
    <Xml Include="Assets\config.xml">
      <Filter>GameSource\Assets</Filter>
    </Xml>
    <Xml Include="Assets\Animations\EffectAnim.xml">
      <Filter>GameSource\Assets\Animations</Filter>
    </Xml>
    <Xml Include="Assets\Sprites\SpriteDatabases\EffectDB.xml">
      <Filter>GameSource\Assets\Sprites\SpriteDatabases</Filter>
    </Xml>
    <Xml Include="Assets\Animations\OverworldMapAnim.xml">
      <Filter>GameSource\Assets\Animations</Filter>
    </Xml>
    <Xml Include="Assets\Sprites\SpriteDatabases\OverworldMapDB.xml">
      <Filter>GameSource\Assets\Sprites\SpriteDatabases</Filter>
    </Xml>
    <Xml Include="Assets\Scenes\Overworld1.xml">
      <Filter>GameSource\Assets\Scenes</Filter>
    </Xml>
    <Xml Include="Assets\Scenes\MainMenu.xml">
      <Filter>GameSource\Assets\Scenes</Filter>
    </Xml>
    <Xml Include="Assets\Scenes\World1-4.xml">
      <Filter>GameSource\Assets\Scenes</Filter>
    </Xml>
  </ItemGroup>
</Project>